
Microsoft Visual Studio Solution File, Format Version 12.00
# Visual Studio 15
VisualStudioVersion = 15.0.28010.2036
MinimumVisualStudioVersion = 10.0.40219.1
Project("{FAE04EC0-301F-11D3-BF4B-00C04F79EFBC}") = "VehicleInheritanceExercise", "VehicleInheritanceExercise\VehicleInheritanceExercise.csproj", "{EE59C7D7-E8BC-4913-8C87-C0500143E389}"
EndProject
Global
	GlobalSection(SolutionConfigurationPlatforms) = preSolution
		Debug|Any CPU = Debug|Any CPU
		Release|Any CPU = Release|Any CPU
	EndGlobalSection
	GlobalSection(ProjectConfigurationPlatforms) = postSolution
		{EE59C7D7-E8BC-4913-8C87-C0500143E389}.Debug|Any CPU.ActiveCfg = Debug|Any CPU
		{EE59C7D7-E8BC-4913-8C87-C0500143E389}.Debug|Any CPU.Build.0 = Debug|Any CPU
		{EE59C7D7-E8BC-4913-8C87-C0500143E389}.Release|Any CPU.ActiveCfg = Release|Any CPU
		{EE59C7D7-E8BC-4913-8C87-C0500143E389}.Release|Any CPU.Build.0 = Release|Any CPU
	EndGlobalSection
	GlobalSection(SolutionProperties) = preSolution
		HideSolutionNode = FALSE
	EndGlobalSection
	GlobalSection(ExtensibilityGlobals) = postSolution
		SolutionGuid = {47D3D29D-CCFF-43A5-98C1-0C67A86F34B6}
	EndGlobalSection
EndGlobal
